{
  "name": "xslt3-import-bug-repro",
  "version": "1.0.0",
  "lockfileVersion": 2,
  "requires": true,
  "packages": {
    "": {
      "version": "1.0.0",
      "license": "ISC",
      "dependencies": {
        "xslt3": "^2.2.0"
      }
    },
    "node_modules/axios": {
      "version": "0.21.1",
      "resolved": "https://registry.npmjs.org/axios/-/axios-0.21.1.tgz",
      "integrity": "sha512-dKQiRHxGD9PPRIUNIWvZhPTPpl1rf/OxTYKsqKUDjBwYylTvV7SjSHJb9ratfyzM6wCdLCOYLzs73qpg5c4iGA==",
      "dependencies": {
        "follow-redirects": "^1.10.0"
      }
    },
    "node_modules/follow-redirects": {
      "version": "1.14.1",
      "resolved": "https://registry.npmjs.org/follow-redirects/-/follow-redirects-1.14.1.tgz",
      "integrity": "sha512-HWqDgT7ZEkqRzBvc2s64vSZ/hfOceEol3ac/7tKwzuvEyWx3/4UegXh5oBOIotkGsObyk3xznnSRVADBgWSQVg==",
      "funding": [
        {
          "type": "individual",
          "url": "https://github.com/sponsors/RubenVerborgh"
        }
      ],
      "engines": {
        "node": ">=4.0"
      },
      "peerDependenciesMeta": {
        "debug": {
          "optional": true
        }
      }
    },
    "node_modules/saxon-js": {
      "version": "2.2.0",
      "resolved": "https://registry.npmjs.org/saxon-js/-/saxon-js-2.2.0.tgz",
      "integrity": "sha512-9VA98ezKLys7X3ecQVoEfjXXxk9He+1tmrQtKlfAvtA0g6vrdt2TxRvqkDpm0zQiw+9roJMGtMti31JHN57ZSg==",
      "dependencies": {
        "axios": "^0.21.1"
      }
    },
    "node_modules/xslt3": {
      "version": "2.2.0",
      "resolved": "https://registry.npmjs.org/xslt3/-/xslt3-2.2.0.tgz",
      "integrity": "sha512-kbsAgapVZ2aGw8Fp/PrL9/RExvD/zuq9gNyisMqSnYYXIProPdCd/NBwBwMF+/5y4Oiw91OGjx6iW5zk7iYWMQ==",
      "dependencies": {
        "axios": "^0.21.1",
        "saxon-js": "^2.2.0"
      },
      "bin": {
        "xslt3": "xslt3.js"
      }
    }
  },
  "dependencies": {
    "axios": {
      "version": "0.21.1",
      "resolved": "https://registry.npmjs.org/axios/-/axios-0.21.1.tgz",
      "integrity": "sha512-dKQiRHxGD9PPRIUNIWvZhPTPpl1rf/OxTYKsqKUDjBwYylTvV7SjSHJb9ratfyzM6wCdLCOYLzs73qpg5c4iGA==",
      "requires": {
        "follow-redirects": "^1.10.0"
      }
    },
    "follow-redirects": {
      "version": "1.14.1",
      "resolved": "https://registry.npmjs.org/follow-redirects/-/follow-redirects-1.14.1.tgz",
      "integrity": "sha512-HWqDgT7ZEkqRzBvc2s64vSZ/hfOceEol3ac/7tKwzuvEyWx3/4UegXh5oBOIotkGsObyk3xznnSRVADBgWSQVg=="
    },
    "saxon-js": {
      "version": "2.2.0",
      "resolved": "https://registry.npmjs.org/saxon-js/-/saxon-js-2.2.0.tgz",
      "integrity": "sha512-9VA98ezKLys7X3ecQVoEfjXXxk9He+1tmrQtKlfAvtA0g6vrdt2TxRvqkDpm0zQiw+9roJMGtMti31JHN57ZSg==",
      "requires": {
        "axios": "^0.21.1"
      }
    },
    "xslt3": {
      "version": "2.2.0",
      "resolved": "https://registry.npmjs.org/xslt3/-/xslt3-2.2.0.tgz",
      "integrity": "sha512-kbsAgapVZ2aGw8Fp/PrL9/RExvD/zuq9gNyisMqSnYYXIProPdCd/NBwBwMF+/5y4Oiw91OGjx6iW5zk7iYWMQ==",
      "requires": {
        "axios": "^0.21.1",
        "saxon-js": "^2.2.0"
      }
    }
  }
}
